
Microsoft Visual Studio Solution File, Format Version 12.00
# Visual Studio Version 17
VisualStudioVersion = 17.5.33530.505
MinimumVisualStudioVersion = 10.0.40219.1
Project("{888888A0-9F3D-457C-B088-3A5042F75D52}") = "projektSI", "projektSI\projektSI.pyproj", "{D8A861A3-1842-485D-A7C6-2F3A80808BD2}"
EndProject
Global
	GlobalSection(SolutionConfigurationPlatforms) = preSolution
		Debug|Any CPU = Debug|Any CPU
		Release|Any CPU = Release|Any CPU
	EndGlobalSection
	GlobalSection(ProjectConfigurationPlatforms) = postSolution
		{D8A861A3-1842-485D-A7C6-2F3A80808BD2}.Debug|Any CPU.ActiveCfg = Debug|Any CPU
		{D8A861A3-1842-485D-A7C6-2F3A80808BD2}.Release|Any CPU.ActiveCfg = Release|Any CPU
	EndGlobalSection
	GlobalSection(SolutionProperties) = preSolution
		HideSolutionNode = FALSE
	EndGlobalSection
	GlobalSection(ExtensibilityGlobals) = postSolution
		SolutionGuid = {4DBA33A5-D608-46A8-9109-56B6035C67BE}
	EndGlobalSection
EndGlobal
